
Microsoft Visual Studio Solution File, Format Version 12.00
# Visual Studio Version 17
VisualStudioVersion = 17.5.33516.290
MinimumVisualStudioVersion = 10.0.40219.1
Project("{FAE04EC0-301F-11D3-BF4B-00C04F79EFBC}") = "ChatGPTCommandExecutor", "ChatGPTCommandExecutor.csproj", "{951901AD-D3E1-43B0-945C-0123138587C5}"
EndProject
Global
	GlobalSection(SolutionConfigurationPlatforms) = preSolution
		Debug|Any CPU = Debug|Any CPU
		Release|Any CPU = Release|Any CPU
	EndGlobalSection
	GlobalSection(ProjectConfigurationPlatforms) = postSolution
		{951901AD-D3E1-43B0-945C-0123138587C5}.Debug|Any CPU.ActiveCfg = Debug|Any CPU
		{951901AD-D3E1-43B0-945C-0123138587C5}.Debug|Any CPU.Build.0 = Debug|Any CPU
		{951901AD-D3E1-43B0-945C-0123138587C5}.Release|Any CPU.ActiveCfg = Release|Any CPU
		{951901AD-D3E1-43B0-945C-0123138587C5}.Release|Any CPU.Build.0 = Release|Any CPU
	EndGlobalSection
	GlobalSection(SolutionProperties) = preSolution
		HideSolutionNode = FALSE
	EndGlobalSection
	GlobalSection(ExtensibilityGlobals) = postSolution
		SolutionGuid = {1FE0E9CD-EA11-4528-9B4F-CC8E201EDBBC}
	EndGlobalSection
EndGlobal
